// !$*UTF8*$!
{
	archiveVersion = 1;
	classes = {
	};
	objectVersion = 46;
	objects = {

/* Begin PBXBuildFile section */
		399D3B6D1C2BDD0C00B9D22B /* main.m in Sources */ = {isa = PBXBuildFile; fileRef = 399D3B6C1C2BDD0C00B9D22B /* main.m */; };
		399D3B701C2BDD0C00B9D22B /* AppDelegate.m in Sources */ = {isa = PBXBuildFile; fileRef = 399D3B6F1C2BDD0C00B9D22B /* AppDelegate.m */; };
		399D3B731C2BDD0C00B9D22B /* ViewController.m in Sources */ = {isa = PBXBuildFile; fileRef = 399D3B721C2BDD0C00B9D22B /* ViewController.m */; };
		399D3B761C2BDD0C00B9D22B /* Main.storyboard in Resources */ = {isa = PBXBuildFile; fileRef = 399D3B741C2BDD0C00B9D22B /* Main.storyboard */; };
		399D3B781C2BDD0C00B9D22B /* Assets.xcassets in Resources */ = {isa = PBXBuildFile; fileRef = 399D3B771C2BDD0C00B9D22B /* Assets.xcassets */; };
		399D3B7B1C2BDD0C00B9D22B /* LaunchScreen.storyboard in Resources */ = {isa = PBXBuildFile; fileRef = 399D3B791C2BDD0C00B9D22B /* LaunchScreen.storyboard */; };
/* End PBXBuildFile section */

/* Begin PBXFileReference section */
		399D3B681C2BDD0C00B9D22B /* TestGitHubDemo.app */ = {isa = PBXFileReference; explicitFileType = wrapper.application; includeInIndex = 0; path = TestGitHubDemo.app; sourceTree = BUILT_PRODUCTS_DIR; };
		399D3B6C1C2BDD0C00B9D22B /* main.m */ = {isa = PBXFileReference; lastKnownFileType = sourcecode.c.objc; path = main.m; sourceTree = "<group>"; };
		399D3B6E1C2BDD0C00B9D22B /* AppDelegate.h */ = {isa = PBXFileReference; lastKnownFileType = sourcecode.c.h; path = AppDelegate.h; sourceTree = "<group>"; };
		399D3B6F1C2BDD0C00B9D22B /* AppDelegate.m */ = {isa = PBXFileReference; lastKnownFileType = sourcecode.c.objc; path = AppDelegate.m; sourceTree = "<group>"; };
		399D3B711C2BDD0C00B9D22B /* ViewController.h */ = {isa = PBXFileReference; lastKnownFileType = sourcecode.c.h; path = ViewController.h; sourceTree = "<group>"; };
		399D3B721C2BDD0C00B9D22B /* ViewController.m */ = {isa = PBXFileReference; lastKnownFileType = sourcecode.c.objc; path = ViewController.m; sourceTree = "<group>"; };
		399D3B751C2BDD0C00B9D22B /* Base */ = {isa = PBXFileReference; lastKnownFileType = file.storyboard; name = Base; path = Base.lproj/Main.storyboard; sourceTree = "<group>"; };
		399D3B771C2BDD0C00B9D22B /* Assets.xcassets */ = {isa = PBXFileReference; lastKnownFileType = folder.assetcatalog; path = Assets.xcassets; sourceTree = "<group>"; };
		399D3B7A1C2BDD0C00B9D22B /* Base */ = {isa = PBXFileReference; lastKnownFileType = file.storyboard; name = Base; path = Base.lproj/LaunchScreen.storyboard; sourceTree = "<group>"; };
		399D3B7C1C2BDD0C00B9D22B /* Info.plist */ = {isa = PBXFileReference; lastKnownFileType = text.plist.xml; path = Info.plist; sourceTree = "<group>"; };
/* End PBXFileReference section */

/* Begin PBXFrameworksBuildPhase section */
		399D3B651C2BDD0C00B9D22B /* Frameworks */ = {
			isa = PBXFrameworksBuildPhase;
			buildActionMask = 2147483647;
			files = (
			);
			runOnlyForDeploymentPostprocessing = 0;
		};
/* End PBXFrameworksBuildPhase section */

/* Begin PBXGroup section */
		399D3B5F1C2BDD0C00B9D22B = {
			isa = PBXGroup;
			children = (
				399D3B6A1C2BDD0C00B9D22B /* TestGitHubDemo */,
				399D3B691C2BDD0C00B9D22B /* Products */,
			);
			sourceTree = "<group>";
		};
		399D3B691C2BDD0C00B9D22B /* Products */ = {
			isa = PBXGroup;
			children = (
				399D3B681C2BDD0C00B9D22B /* TestGitHubDemo.app */,
			);
			name = Products;
			sourceTree = "<group>";
		};
		399D3B6A1C2BDD0C00B9D22B /* TestGitHubDemo */ = {
			isa = PBXGroup;
			children = (
				399D3B6E1C2BDD0C00B9D22B /* AppDelegate.h */,
				399D3B6F1C2BDD0C00B9D22B /* AppDelegate.m */,
				399D3B711C2BDD0C00B9D22B /* ViewController.h */,
				399D3B721C2BDD0C00B9D22B /* ViewController.m */,
				399D3B741C2BDD0C00B9D22B /* Main.storyboard */,
				399D3B771C2BDD0C00B9D22B /* Assets.xcassets */,
				399D3B791C2BDD0C00B9D22B /* LaunchScreen.storyboard */,
				399D3B7C1C2BDD0C00B9D22B /* Info.plist */,
				399D3B6B1C2BDD0C00B9D22B /* Supporting Files */,
			);
			path = TestGitHubDemo;
			sourceTree = "<group>";
		};
		399D3B6B1C2BDD0C00B9D22B /* Supporting Files */ = {
			isa = PBXGroup;
			children = (
				399D3B6C1C2BDD0C00B9D22B /* main.m */,
			);
			name = "Supporting Files";
			sourceTree = "<group>";
		};
/* End PBXGroup section */

/* Begin PBXNativeTarget section */
		399D3B671C2BDD0C00B9D22B /* TestGitHubDemo */ = {
			isa = PBXNativeTarget;
			buildConfigurationList = 399D3B7F1C2BDD0C00B9D22B /* Build configuration list for PBXNativeTarget "TestGitHubDemo" */;
			buildPhases = (
				399D3B641C2BDD0C00B9D22B /* Sources */,
				399D3B651C2BDD0C00B9D22B /* Frameworks */,
				399D3B661C2BDD0C00B9D22B /* Resources */,
			);
			buildRules = (
			);
			dependencies = (
			);
			name = TestGitHubDemo;
			productName = TestGitHubDemo;
			productReference = 399D3B681C2BDD0C00B9D22B /* TestGitHubDemo.app */;
			productType = "com.apple.product-type.application";
		};
/* End PBXNativeTarget section */

/* Begin PBXProject section */
		399D3B601C2BDD0C00B9D22B /* Project object */ = {
			isa = PBXProject;
			attributes = {
				LastUpgradeCheck = 0710;
				ORGANIZATIONNAME = JackieZeng;
				TargetAttributes = {
					399D3B671C2BDD0C00B9D22B = {
						CreatedOnToolsVersion = 7.1;
						DevelopmentTeam = 3WWRCUEEBS;
					};
				};
			};
			buildConfigurationList = 399D3B631C2BDD0C00B9D22B /* Build configuration list for PBXProject "TestGitHubDemo" */;
			compatibilityVersion = "Xcode 3.2";
			developmentRegion = English;
			hasScannedForEncodings = 0;
			knownRegions = (
				en,
				Base,
			);
			mainGroup = 399D3B5F1C2BDD0C00B9D22B;
			productRefGroup = 399D3B691C2BDD0C00B9D22B /* Products */;
			projectDirPath = "";
			projectRoot = "";
			targets = (
				399D3B671C2BDD0C00B9D22B /* TestGitHubDemo */,
			);
		};
/* End PBXProject section */

/* Begin PBXResourcesBuildPhase section */
		399D3B661C2BDD0C00B9D22B /* Resources */ = {
			isa = PBXResourcesBuildPhase;
			buildActionMask = 2147483647;
			files = (
				399D3B7B1C2BDD0C00B9D22B /* LaunchScreen.storyboard in Resources */,
				399D3B781C2BDD0C00B9D22B /* Assets.xcassets in Resources */,
				399D3B761C2BDD0C00B9D22B /* Main.storyboard in Resources */,
			);
			runOnlyForDeploymentPostprocessing = 0;
		};
/* End PBXResourcesBuildPhase section */

/* Begin PBXSourcesBuildPhase section */
		399D3B641C2BDD0C00B9D22B /* Sources */ = {
			isa = PBXSourcesBuildPhase;
			buildActionMask = 2147483647;
			files = (
				399D3B731C2BDD0C00B9D22B /* ViewController.m in Sources */,
				399D3B701C2BDD0C00B9D22B /* AppDelegate.m in Sources */,
				399D3B6D1C2BDD0C00B9D22B /* main.m in Sources */,
			);
			runOnlyForDeploymentPostprocessing = 0;
		};
/* End PBXSourcesBuildPhase section */

/* Begin PBXVariantGroup section */
		399D3B741C2BDD0C00B9D22B /* Main.storyboard */ = {
			isa = PBXVariantGroup;
			children = (
				399D3B751C2BDD0C00B9D22B /* Base */,
			);
			name = Main.storyboard;
			sourceTree = "<group>";
		};
		399D3B791C2BDD0C00B9D22B /* LaunchScreen.storyboard */ = {
			isa = PBXVariantGroup;
			children = (
				399D3B7A1C2BDD0C00B9D22B /* Base */,
			);
			name = LaunchScreen.storyboard;
			sourceTree = "<group>";
		};
/* End PBXVariantGroup section */

/* Begin XCBuildConfiguration section */
		399D3B7D1C2BDD0C00B9D22B /* Debug */ = {
			isa = XCBuildConfiguration;
			buildSettings = {
				ALWAYS_SEARCH_USER_PATHS = NO;
				CLANG_CXX_LANGUAGE_STANDARD = "gnu++0x";
				CLANG_CXX_LIBRARY = "libc++";
				CLANG_ENABLE_MODULES = YES;
				CLANG_ENABLE_OBJC_ARC = YES;
				CLANG_WARN_BOOL_CONVERSION = YES;
				CLANG_WARN_CONSTANT_CONVERSION = YES;
				CLANG_WARN_DIRECT_OBJC_ISA_USAGE = YES_ERROR;
				CLANG_WARN_EMPTY_BODY = YES;
				CLANG_WARN_ENUM_CONVERSION = YES;
				CLANG_WARN_INT_CONVERSION = YES;
				CLANG_WARN_OBJC_ROOT_CLASS = YES_ERROR;
				CLANG_WARN_UNREACHABLE_CODE = YES;
				CLANG_WARN__DUPLICATE_METHOD_MATCH = YES;
				"CODE_SIGN_IDENTITY[sdk=iphoneos*]" = "iPhone Developer";
				COPY_PHASE_STRIP = NO;
				DEBUG_INFORMATION_FORMAT = dwarf;
				ENABLE_STRICT_OBJC_MSGSEND = YES;
				ENABLE_TESTABILITY = YES;
				GCC_C_LANGUAGE_STANDARD = gnu99;
				GCC_DYNAMIC_NO_PIC = NO;
				GCC_NO_COMMON_BLOCKS = YES;
				GCC_OPTIMIZATION_LEVEL = 0;
				GCC_PREPROCESSOR_DEFINITIONS = (
					"DEBUG=1",
					"$(inherited)",
				);
				GCC_WARN_64_TO_32_BIT_CONVERSION = YES;
				GCC_WARN_ABOUT_RETURN_TYPE = YES_ERROR;
				GCC_WARN_UNDECLARED_SELECTOR = YES;
				GCC_WARN_UNINITIALIZED_AUTOS = YES_AGGRESSIVE;
				GCC_WARN_UNUSED_FUNCTION = YES;
				GCC_WARN_UNUSED_VARIABLE = YES;
				IPHONEOS_DEPLOYMENT_TARGET = 9.1;
				MTL_ENABLE_DEBUG_INFO = YES;
				ONLY_ACTIVE_ARCH = YES;
				SDKROOT = iphoneos;
			};
			name = Debug;
		};
		399D3B7E1C2BDD0C00B9D22B /* Release */ = {
			isa = XCBuildConfiguration;
			buildSettings = {
				ALWAYS_SEARCH_USER_PATHS = NO;
				CLANG_CXX_LANGUAGE_STANDARD = "gnu++0x";
				CLANG_CXX_LIBRARY = "libc++";
				CLANG_ENABLE_MODULES = YES;
				CLANG_ENABLE_OBJC_ARC = YES;
				CLANG_WARN_BOOL_CONVERSION = YES;
				CLANG_WARN_CONSTANT_CONVERSION = YES;
				CLANG_WARN_DIRECT_OBJC_ISA_USAGE = YES_ERROR;
				CLANG_WARN_EMPTY_BODY = YES;
				CLANG_WARN_ENUM_CONVERSION = YES;
				CLANG_WARN_INT_CONVERSION = YES;
				CLANG_WARN_OBJC_ROOT_CLASS = YES_ERROR;
				CLANG_WARN_UNREACHABLE_CODE = YES;
				CLANG_WARN__DUPLICATE_METHOD_MATCH = YES;
				"CODE_SIGN_IDENTITY[sdk=iphoneos*]" = "iPhone Developer";
				COPY_PHASE_STRIP = NO;
				DEBUG_INFORMATION_FORMAT = "dwarf-with-dsym";
				ENABLE_NS_ASSERTIONS = NO;
				ENABLE_STRICT_OBJC_MSGSEND = YES;
				GCC_C_LANGUAGE_STANDARD = gnu99;
				GCC_NO_COMMON_BLOCKS = YES;
				GCC_WARN_64_TO_32_BIT_CONVERSION = YES;
				GCC_WARN_ABOUT_RETURN_TYPE = YES_ERROR;
				GCC_WARN_UNDECLARED_SELECTOR = YES;
				GCC_WARN_UNINITIALIZED_AUTOS = YES_AGGRESSIVE;
				GCC_WARN_UNUSED_FUNCTION = YES;
				GCC_WARN_UNUSED_VARIABLE = YES;
				IPHONEOS_DEPLOYMENT_TARGET = 9.1;
				MTL_ENABLE_DEBUG_INFO = NO;
				SDKROOT = iphoneos;
				VALIDATE_PRODUCT = YES;
			};
			name = Release;
		};
		399D3B801C2BDD0C00B9D22B /* Debug */ = {
			isa = XCBuildConfiguration;
			buildSettings = {
				ASSETCATALOG_COMPILER_APPICON_NAME = AppIcon;
				INFOPLIST_FILE = TestGitHubDemo/Info.plist;
				LD_RUNPATH_SEARCH_PATHS = "$(inherited) @executable_path/Frameworks";
				PRODUCT_BUNDLE_IDENTIFIER = com.JackieZeng.TestGitHubDemo;
				PRODUCT_NAME = "$(TARGET_NAME)";
			};
			name = Debug;
		};
		399D3B811C2BDD0C00B9D22B /* Release */ = {
			isa = XCBuildConfiguration;
			buildSettings = {
				ASSETCATALOG_COMPILER_APPICON_NAME = AppIcon;
				INFOPLIST_FILE = TestGitHubDemo/Info.plist;
				LD_RUNPATH_SEARCH_PATHS = "$(inherited) @executable_path/Frameworks";
				PRODUCT_BUNDLE_IDENTIFIER = com.JackieZeng.TestGitHubDemo;
				PRODUCT_NAME = "$(TARGET_NAME)";
			};
			name = Release;
		};
/* End XCBuildConfiguration section */

/* Begin XCConfigurationList section */
		399D3B631C2BDD0C00B9D22B /* Build configuration list for PBXProject "TestGitHubDemo" */ = {
			isa = XCConfigurationList;
			buildConfigurations = (
				399D3B7D1C2BDD0C00B9D22B /* Debug */,
				399D3B7E1C2BDD0C00B9D22B /* Release */,
			);
			defaultConfigurationIsVisible = 0;
			defaultConfigurationName = Release;
		};
		399D3B7F1C2BDD0C00B9D22B /* Build configuration list for PBXNativeTarget "TestGitHubDemo" */ = {
			isa = XCConfigurationList;
			buildConfigurations = (
				399D3B801C2BDD0C00B9D22B /* Debug */,
				399D3B811C2BDD0C00B9D22B /* Release */,
			);
			defaultConfigurationIsVisible = 0;
		};
/* End XCConfigurationList section */
	};
	rootObject = 399D3B601C2BDD0C00B9D22B /* Project object */;
}
